
Microsoft Visual Studio Solution File, Format Version 12.00
# Visual Studio Version 16
VisualStudioVersion = 16.0.30320.27
MinimumVisualStudioVersion = 10.0.40219.1
Project("{9A19103F-16F7-4668-BE54-9A1E7A4F7556}") = "CashRegister", "CashRegister\CashRegister.csproj", "{C54E5CE2-78F6-4F1C-96A7-AABEEE555800}"
EndProject
Global
	GlobalSection(SolutionConfigurationPlatforms) = preSolution
		Debug|Any CPU = Debug|Any CPU
		Release|Any CPU = Release|Any CPU
	EndGlobalSection
	GlobalSection(ProjectConfigurationPlatforms) = postSolution
		{C54E5CE2-78F6-4F1C-96A7-AABEEE555800}.Debug|Any CPU.ActiveCfg = Debug|Any CPU
		{C54E5CE2-78F6-4F1C-96A7-AABEEE555800}.Debug|Any CPU.Build.0 = Debug|Any CPU
		{C54E5CE2-78F6-4F1C-96A7-AABEEE555800}.Release|Any CPU.ActiveCfg = Release|Any CPU
		{C54E5CE2-78F6-4F1C-96A7-AABEEE555800}.Release|Any CPU.Build.0 = Release|Any CPU
	EndGlobalSection
	GlobalSection(SolutionProperties) = preSolution
		HideSolutionNode = FALSE
	EndGlobalSection
	GlobalSection(ExtensibilityGlobals) = postSolution
		SolutionGuid = {BEEF5B71-8C24-41A2-A7D0-CE7E74C93F22}
	EndGlobalSection
EndGlobal
